
Microsoft Visual Studio Solution File, Format Version 12.00
# Visual Studio Version 16
VisualStudioVersion = 16.0.31624.102
MinimumVisualStudioVersion = 10.0.40219.1
Project("{8BC9CEB8-8B4A-11D0-8D11-00A0C91BC942}") = "Pointer", "Pointer\Pointer.vcxproj", "{598256C3-B2AC-4466-93D1-64C20E494F87}"
EndProject
Project("{8BC9CEB8-8B4A-11D0-8D11-00A0C91BC942}") = "Parametrs", "Parametrs\Parametrs.vcxproj", "{0CF23639-8D61-4779-9BBE-770D11393484}"
EndProject
Project("{8BC9CEB8-8B4A-11D0-8D11-00A0C91BC942}") = "Reference", "Reference\Reference.vcxproj", "{D0BA0E92-2DE9-4BBC-BDC2-14949D7A8797}"
EndProject
Project("{8BC9CEB8-8B4A-11D0-8D11-00A0C91BC942}") = "Dinamic arrays", "Dinamic arrays\Dinamic arrays.vcxproj", "{CCFECA0D-5909-45AC-A060-4341408A65FF}"
EndProject
Project("{8BC9CEB8-8B4A-11D0-8D11-00A0C91BC942}") = "DynamicMemory", "DynamicMemory\DynamicMemory.vcxproj", "{F87BB6C1-4FE2-4A1B-BEC9-CBB7EFB8B14C}"
EndProject
Global
	GlobalSection(SolutionConfigurationPlatforms) = preSolution
		Debug|x64 = Debug|x64
		Debug|x86 = Debug|x86
		Release|x64 = Release|x64
		Release|x86 = Release|x86
	EndGlobalSection
	GlobalSection(ProjectConfigurationPlatforms) = postSolution
		{598256C3-B2AC-4466-93D1-64C20E494F87}.Debug|x64.ActiveCfg = Debug|x64
		{598256C3-B2AC-4466-93D1-64C20E494F87}.Debug|x64.Build.0 = Debug|x64
		{598256C3-B2AC-4466-93D1-64C20E494F87}.Debug|x86.ActiveCfg = Debug|Win32
		{598256C3-B2AC-4466-93D1-64C20E494F87}.Debug|x86.Build.0 = Debug|Win32
		{598256C3-B2AC-4466-93D1-64C20E494F87}.Release|x64.ActiveCfg = Release|x64
		{598256C3-B2AC-4466-93D1-64C20E494F87}.Release|x64.Build.0 = Release|x64
		{598256C3-B2AC-4466-93D1-64C20E494F87}.Release|x86.ActiveCfg = Release|Win32
		{598256C3-B2AC-4466-93D1-64C20E494F87}.Release|x86.Build.0 = Release|Win32
		{0CF23639-8D61-4779-9BBE-770D11393484}.Debug|x64.ActiveCfg = Debug|x64
		{0CF23639-8D61-4779-9BBE-770D11393484}.Debug|x64.Build.0 = Debug|x64
		{0CF23639-8D61-4779-9BBE-770D11393484}.Debug|x86.ActiveCfg = Debug|Win32
		{0CF23639-8D61-4779-9BBE-770D11393484}.Debug|x86.Build.0 = Debug|Win32
		{0CF23639-8D61-4779-9BBE-770D11393484}.Release|x64.ActiveCfg = Release|x64
		{0CF23639-8D61-4779-9BBE-770D11393484}.Release|x64.Build.0 = Release|x64
		{0CF23639-8D61-4779-9BBE-770D11393484}.Release|x86.ActiveCfg = Release|Win32
		{0CF23639-8D61-4779-9BBE-770D11393484}.Release|x86.Build.0 = Release|Win32
		{D0BA0E92-2DE9-4BBC-BDC2-14949D7A8797}.Debug|x64.ActiveCfg = Debug|x64
		{D0BA0E92-2DE9-4BBC-BDC2-14949D7A8797}.Debug|x64.Build.0 = Debug|x64
		{D0BA0E92-2DE9-4BBC-BDC2-14949D7A8797}.Debug|x86.ActiveCfg = Debug|Win32
		{D0BA0E92-2DE9-4BBC-BDC2-14949D7A8797}.Debug|x86.Build.0 = Debug|Win32
		{D0BA0E92-2DE9-4BBC-BDC2-14949D7A8797}.Release|x64.ActiveCfg = Release|x64
		{D0BA0E92-2DE9-4BBC-BDC2-14949D7A8797}.Release|x64.Build.0 = Release|x64
		{D0BA0E92-2DE9-4BBC-BDC2-14949D7A8797}.Release|x86.ActiveCfg = Release|Win32
		{D0BA0E92-2DE9-4BBC-BDC2-14949D7A8797}.Release|x86.Build.0 = Release|Win32
		{CCFECA0D-5909-45AC-A060-4341408A65FF}.Debug|x64.ActiveCfg = Debug|x64
		{CCFECA0D-5909-45AC-A060-4341408A65FF}.Debug|x64.Build.0 = Debug|x64
		{CCFECA0D-5909-45AC-A060-4341408A65FF}.Debug|x86.ActiveCfg = Debug|Win32
		{CCFECA0D-5909-45AC-A060-4341408A65FF}.Debug|x86.Build.0 = Debug|Win32
		{CCFECA0D-5909-45AC-A060-4341408A65FF}.Release|x64.ActiveCfg = Release|x64
		{CCFECA0D-5909-45AC-A060-4341408A65FF}.Release|x64.Build.0 = Release|x64
		{CCFECA0D-5909-45AC-A060-4341408A65FF}.Release|x86.ActiveCfg = Release|Win32
		{CCFECA0D-5909-45AC-A060-4341408A65FF}.Release|x86.Build.0 = Release|Win32
		{F87BB6C1-4FE2-4A1B-BEC9-CBB7EFB8B14C}.Debug|x64.ActiveCfg = Debug|x64
		{F87BB6C1-4FE2-4A1B-BEC9-CBB7EFB8B14C}.Debug|x64.Build.0 = Debug|x64
		{F87BB6C1-4FE2-4A1B-BEC9-CBB7EFB8B14C}.Debug|x86.ActiveCfg = Debug|Win32
		{F87BB6C1-4FE2-4A1B-BEC9-CBB7EFB8B14C}.Debug|x86.Build.0 = Debug|Win32
		{F87BB6C1-4FE2-4A1B-BEC9-CBB7EFB8B14C}.Release|x64.ActiveCfg = Release|x64
		{F87BB6C1-4FE2-4A1B-BEC9-CBB7EFB8B14C}.Release|x64.Build.0 = Release|x64
		{F87BB6C1-4FE2-4A1B-BEC9-CBB7EFB8B14C}.Release|x86.ActiveCfg = Release|Win32
		{F87BB6C1-4FE2-4A1B-BEC9-CBB7EFB8B14C}.Release|x86.Build.0 = Release|Win32
	EndGlobalSection
	GlobalSection(SolutionProperties) = preSolution
		HideSolutionNode = FALSE
	EndGlobalSection
	GlobalSection(ExtensibilityGlobals) = postSolution
		SolutionGuid = {06AD244A-8922-4F27-9D02-615B84BF0A49}
	EndGlobalSection
EndGlobal
